
Microsoft Visual Studio Solution File, Format Version 10.00
# Visual Studio 2008
Project("{FAE04EC0-301F-11D3-BF4B-00C04F79EFBC}") = "HandyOutliner", "HandyOutliner.csproj", "{FDC9C3DD-6DD5-47AD-A33F-A10712C7247C}"
EndProject
Global
	GlobalSection(SolutionConfigurationPlatforms) = preSolution
		Debug|Any CPU = Debug|Any CPU
		Release|Any CPU = Release|Any CPU
	EndGlobalSection
	GlobalSection(ProjectConfigurationPlatforms) = postSolution
		{FDC9C3DD-6DD5-47AD-A33F-A10712C7247C}.Debug|Any CPU.ActiveCfg = Debug|Any CPU
		{FDC9C3DD-6DD5-47AD-A33F-A10712C7247C}.Debug|Any CPU.Build.0 = Debug|Any CPU
		{FDC9C3DD-6DD5-47AD-A33F-A10712C7247C}.Release|Any CPU.ActiveCfg = Release|Any CPU
		{FDC9C3DD-6DD5-47AD-A33F-A10712C7247C}.Release|Any CPU.Build.0 = Release|Any CPU
	EndGlobalSection
	GlobalSection(SolutionProperties) = preSolution
		HideSolutionNode = FALSE
	EndGlobalSection
EndGlobal
